
Microsoft Visual Studio Solution File, Format Version 12.00
# Visual Studio 14
VisualStudioVersion = 14.0.25420.1
MinimumVisualStudioVersion = 10.0.40219.1
Project("{FAE04EC0-301F-11D3-BF4B-00C04F79EFBC}") = "Bitly.fi", "Bitly.fi\Bitly.fi.csproj", "{3282ADF4-5797-42F7-95A8-ED6FFEC27F23}"
EndProject
Project("{FAE04EC0-301F-11D3-BF4B-00C04F79EFBC}") = "Example", "Example\Example.csproj", "{9F31C399-78BE-454A-AA63-ED82A9106403}"
	ProjectSection(ProjectDependencies) = postProject
		{3282ADF4-5797-42F7-95A8-ED6FFEC27F23} = {3282ADF4-5797-42F7-95A8-ED6FFEC27F23}
	EndProjectSection
EndProject
Global
	GlobalSection(SolutionConfigurationPlatforms) = preSolution
		Debug|Any CPU = Debug|Any CPU
		Release|Any CPU = Release|Any CPU
	EndGlobalSection
	GlobalSection(ProjectConfigurationPlatforms) = postSolution
		{3282ADF4-5797-42F7-95A8-ED6FFEC27F23}.Debug|Any CPU.ActiveCfg = Debug|Any CPU
		{3282ADF4-5797-42F7-95A8-ED6FFEC27F23}.Debug|Any CPU.Build.0 = Debug|Any CPU
		{3282ADF4-5797-42F7-95A8-ED6FFEC27F23}.Release|Any CPU.ActiveCfg = Release|Any CPU
		{3282ADF4-5797-42F7-95A8-ED6FFEC27F23}.Release|Any CPU.Build.0 = Release|Any CPU
		{9F31C399-78BE-454A-AA63-ED82A9106403}.Debug|Any CPU.ActiveCfg = Debug|Any CPU
		{9F31C399-78BE-454A-AA63-ED82A9106403}.Debug|Any CPU.Build.0 = Debug|Any CPU
		{9F31C399-78BE-454A-AA63-ED82A9106403}.Release|Any CPU.ActiveCfg = Release|Any CPU
		{9F31C399-78BE-454A-AA63-ED82A9106403}.Release|Any CPU.Build.0 = Release|Any CPU
	EndGlobalSection
	GlobalSection(SolutionProperties) = preSolution
		HideSolutionNode = FALSE
	EndGlobalSection
EndGlobal
